<?xml version="1.0" encoding="utf-8"?>
<Project ToolsVersion="15.0" xmlns="http://schemas.microsoft.com/developer/msbuild/2003">
  <ItemGroup>
    <Filter Include="Resource Files">
      <UniqueIdentifier>{67DA6AB6-F800-4c08-8B7A-83BB121AAD01}</UniqueIdentifier>
      <Extensions>rc;ico;cur;bmp;dlg;rc2;rct;bin;rgs;gif;jpg;jpeg;jpe;resx;tga;tiff;tif;png;wav;mfcribbon-ms</Extensions>
    </Filter>
  </ItemGroup>
  <ItemGroup>
    <ClCompile Include="..\..\DxgiUtil\CompileShaderFromFile.cpp" />
    <ClCompile Include="..\..\DxgiUtil\constantbuffer.cpp" />
    <ClCompile Include="..\..\DxgiUtil\DeferredDeviceContext.cpp" />
    <ClCompile Include="..\..\DxgiUtil\DeviceManager.cpp" />
    <ClCompile Include="..\..\DxgiUtil\imageutil.cpp" />
    <ClCompile Include="..\..\DxgiUtil\shader.cpp" />
    <ClCompile Include="..\..\DxgiUtil\Texture.cpp" />
  </ItemGroup>
  <ItemGroup>
    <ClInclude Include="..\..\DxgiUtil\CompileShaderFromFile.h" />
    <ClInclude Include="..\..\DxgiUtil\constantbuffer.h" />
    <ClInclude Include="..\..\DxgiUtil\debugprint.h" />
    <ClInclude Include="..\..\DxgiUtil\DeferredDeviceContext.h" />
    <ClInclude Include="..\..\DxgiUtil\DeviceManager.h" />
    <ClInclude Include="..\..\DxgiUtil\imageutil.h" />
    <ClInclude Include="..\..\DxgiUtil\libdxgiutil.h" />
    <ClInclude Include="..\..\DxgiUtil\shader.h" />
    <ClInclude Include="..\..\DxgiUtil\Texture.h" />
    <ClInclude Include="..\..\DxgiUtil\ThreadName.h" />
  </ItemGroup>
</Project>