<?xml version="1.0" encoding="utf-8"?>
<Project ToolsVersion="15.0" xmlns="http://schemas.microsoft.com/developer/msbuild/2003">
  <ItemGroup>
    <Filter Include="Resource Files">
      <UniqueIdentifier>{67DA6AB6-F800-4c08-8B7A-83BB121AAD01}</UniqueIdentifier>
      <Extensions>rc;ico;cur;bmp;dlg;rc2;rct;bin;rgs;gif;jpg;jpeg;jpe;resx;tga;tiff;tif;png;wav;mfcribbon-ms</Extensions>
    </Filter>
  </ItemGroup>
  <ItemGroup>
    <ClCompile Include="..\..\src\markerlabelers\svmmarkers.cpp" />
    <ClCompile Include="..\..\src\markerlabelers\dictionary_based.cpp" />
    <ClCompile Include="..\..\src\ar_omp.cpp" />
    <ClCompile Include="..\..\src\cameraparameters.cpp" />
    <ClCompile Include="..\..\src\checkrectcontour.cpp" />
    <ClCompile Include="..\..\src\cvdrawingutils.cpp" />
    <ClCompile Include="..\..\src\dictionary.cpp" />
    <ClCompile Include="..\..\src\ippe.cpp" />
    <ClCompile Include="..\..\src\marker.cpp" />
    <ClCompile Include="..\..\src\markerdetector.cpp" />
    <ClCompile Include="..\..\src\markerlabeler.cpp" />
    <ClCompile Include="..\..\src\markermap.cpp" />
    <ClCompile Include="..\..\src\posetracker.cpp" />
  </ItemGroup>
  <ItemGroup>
    <ClInclude Include="..\..\src\markerlabelers\dictionary_based.h" />
    <ClInclude Include="..\..\src\markerlabelers\svmmarkers.h" />
    <ClInclude Include="..\..\src\ar_omp.h" />
    <ClInclude Include="..\..\src\aruco.h" />
    <ClInclude Include="..\..\src\cameraparameters.h" />
    <ClInclude Include="..\..\src\checkrectcontour.h" />
    <ClInclude Include="..\..\src\cvdrawingutils.h" />
    <ClInclude Include="..\..\src\dictionary.h" />
    <ClInclude Include="..\..\src\exports.h" />
    <ClInclude Include="..\..\src\ippe.h" />
    <ClInclude Include="..\..\src\levmarq.h" />
    <ClInclude Include="..\..\src\marker.h" />
    <ClInclude Include="..\..\src\markerdetector.h" />
    <ClInclude Include="..\..\src\markerlabeler.h" />
    <ClInclude Include="..\..\src\markermap.h" />
    <ClInclude Include="..\..\src\posetracker.h" />
  </ItemGroup>
</Project>